{
  "name": "8svx-js",
  "version": "1.0.0",
  "lockfileVersion": 3,
  "requires": true,
  "packages": {
    "": {
      "name": "8svx-js",
      "version": "1.0.0",
      "license": "ISC",
      "dependencies": {
        "tiny-server": "^1.1.1"
      }
    },
    "node_modules/tiny-server": {
      "version": "1.1.1",
      "resolved": "https://registry.npmjs.org/tiny-server/-/tiny-server-1.1.1.tgz",
      "integrity": "sha512-UZdFJFqms0+mvWOs1LRuf2C/ONjERZvaAXXyvqHXGGZtFeFUfeunmVi7OFdI8OgCiBUM1Rq+BfYJ2guVUeXnUg==",
      "bin": {
        "tiny-server": "bin/index"
      }
    }
  }
}
